// !$*UTF8*$!
{
	archiveVersion = 1;
	classes = {
	};
	objectVersion = 77;
	objects = {

/* Begin PBXContainerItemProxy section */
		148A6EF32DBC3A85003F118B /* PBXContainerItemProxy */ = {
			isa = PBXContainerItemProxy;
			containerPortal = 148A6ED42DBC3A83003F118B /* Project object */;
			proxyType = 1;
			remoteGlobalIDString = 148A6EDB2DBC3A83003F118B;
			remoteInfo = "IOS DEV APP";
		};
		148A6EFD2DBC3A85003F118B /* PBXContainerItemProxy */ = {
			isa = PBXContainerItemProxy;
			containerPortal = 148A6ED42DBC3A83003F118B /* Project object */;
			proxyType = 1;
			remoteGlobalIDString = 148A6EDB2DBC3A83003F118B;
			remoteInfo = "IOS DEV APP";
		};
/* End PBXContainerItemProxy section */

/* Begin PBXFileReference section */
		148A6EDC2DBC3A83003F118B /* IOS DEV APP.app */ = {isa = PBXFileReference; explicitFileType = wrapper.application; includeInIndex = 0; path = "IOS DEV APP.app"; sourceTree = BUILT_PRODUCTS_DIR; };
		148A6EF22DBC3A85003F118B /* IOS DEV APPTests.xctest */ = {isa = PBXFileReference; explicitFileType = wrapper.cfbundle; includeInIndex = 0; path = "IOS DEV APPTests.xctest"; sourceTree = BUILT_PRODUCTS_DIR; };
		148A6EFC2DBC3A85003F118B /* IOS DEV APPUITests.xctest */ = {isa = PBXFileReference; explicitFileType = wrapper.cfbundle; includeInIndex = 0; path = "IOS DEV APPUITests.xctest"; sourceTree = BUILT_PRODUCTS_DIR; };
/* End PBXFileReference section */

/* Begin PBXFileSystemSynchronizedBuildFileExceptionSet section */
		148A6F042DBC3A85003F118B /* Exceptions for "IOS DEV APP" folder in "IOS DEV APP" target */ = {
			isa = PBXFileSystemSynchronizedBuildFileExceptionSet;
			membershipExceptions = (
				Info.plist,
			);
			target = 148A6EDB2DBC3A83003F118B /* IOS DEV APP */;
		};
/* End PBXFileSystemSynchronizedBuildFileExceptionSet section */

/* Begin PBXFileSystemSynchronizedRootGroup section */
		148A6EDE2DBC3A83003F118B /* IOS DEV APP */ = {
			isa = PBXFileSystemSynchronizedRootGroup;
			exceptions = (
				148A6F042DBC3A85003F118B /* Exceptions for "IOS DEV APP" folder in "IOS DEV APP" target */,
			);
			path = "IOS DEV APP";
			sourceTree = "<group>";
		};
		148A6EF52DBC3A85003F118B /* IOS DEV APPTests */ = {
			isa = PBXFileSystemSynchronizedRootGroup;
			path = "IOS DEV APPTests";
			sourceTree = "<group>";
		};
		148A6EFF2DBC3A85003F118B /* IOS DEV APPUITests */ = {
			isa = PBXFileSystemSynchronizedRootGroup;
			path = "IOS DEV APPUITests";
			sourceTree = "<group>";
		};
/* End PBXFileSystemSynchronizedRootGroup section */

/* Begin PBXFrameworksBuildPhase section */
		148A6ED92DBC3A83003F118B /* Frameworks */ = {
			isa = PBXFrameworksBuildPhase;
			buildActionMask = 2147483647;
			files = (
			);
			runOnlyForDeploymentPostprocessing = 0;
		};
		148A6EEF2DBC3A85003F118B /* Frameworks */ = {
			isa = PBXFrameworksBuildPhase;
			buildActionMask = 2147483647;
			files = (
			);
			runOnlyForDeploymentPostprocessing = 0;
		};
		148A6EF92DBC3A85003F118B /* Frameworks */ = {
			isa = PBXFrameworksBuildPhase;
			buildActionMask = 2147483647;
			files = (
			);
			runOnlyForDeploymentPostprocessing = 0;
		};
/* End PBXFrameworksBuildPhase section */

/* Begin PBXGroup section */
		148A6ED32DBC3A83003F118B = {
			isa = PBXGroup;
			children = (
				148A6EDE2DBC3A83003F118B /* IOS DEV APP */,
				148A6EF52DBC3A85003F118B /* IOS DEV APPTests */,
				148A6EFF2DBC3A85003F118B /* IOS DEV APPUITests */,
				148A6EDD2DBC3A83003F118B /* Products */,
			);
			sourceTree = "<group>";
		};
		148A6EDD2DBC3A83003F118B /* Products */ = {
			isa = PBXGroup;
			children = (
				148A6EDC2DBC3A83003F118B /* IOS DEV APP.app */,
				148A6EF22DBC3A85003F118B /* IOS DEV APPTests.xctest */,
				148A6EFC2DBC3A85003F118B /* IOS DEV APPUITests.xctest */,
			);
			name = Products;
			sourceTree = "<group>";
		};
/* End PBXGroup section */

/* Begin PBXNativeTarget section */
		148A6EDB2DBC3A83003F118B /* IOS DEV APP */ = {
			isa = PBXNativeTarget;
			buildConfigurationList = 148A6F052DBC3A85003F118B /* Build configuration list for PBXNativeTarget "IOS DEV APP" */;
			buildPhases = (
				148A6ED82DBC3A83003F118B /* Sources */,
				148A6ED92DBC3A83003F118B /* Frameworks */,
				148A6EDA2DBC3A83003F118B /* Resources */,
			);
			buildRules = (
			);
			dependencies = (
			);
			fileSystemSynchronizedGroups = (
				148A6EDE2DBC3A83003F118B /* IOS DEV APP */,
			);
			name = "IOS DEV APP";
			packageProductDependencies = (
			);
			productName = "IOS DEV APP";
			productReference = 148A6EDC2DBC3A83003F118B /* IOS DEV APP.app */;
			productType = "com.apple.product-type.application";
		};
		148A6EF12DBC3A85003F118B /* IOS DEV APPTests */ = {
			isa = PBXNativeTarget;
			buildConfigurationList = 148A6F0A2DBC3A85003F118B /* Build configuration list for PBXNativeTarget "IOS DEV APPTests" */;
			buildPhases = (
				148A6EEE2DBC3A85003F118B /* Sources */,
				148A6EEF2DBC3A85003F118B /* Frameworks */,
				148A6EF02DBC3A85003F118B /* Resources */,
			);
			buildRules = (
			);
			dependencies = (
				148A6EF42DBC3A85003F118B /* PBXTargetDependency */,
			);
			fileSystemSynchronizedGroups = (
				148A6EF52DBC3A85003F118B /* IOS DEV APPTests */,
			);
			name = "IOS DEV APPTests";
			packageProductDependencies = (
			);
			productName = "IOS DEV APPTests";
			productReference = 148A6EF22DBC3A85003F118B /* IOS DEV APPTests.xctest */;
			productType = "com.apple.product-type.bundle.unit-test";
		};
		148A6EFB2DBC3A85003F118B /* IOS DEV APPUITests */ = {
			isa = PBXNativeTarget;
			buildConfigurationList = 148A6F0D2DBC3A85003F118B /* Build configuration list for PBXNativeTarget "IOS DEV APPUITests" */;
			buildPhases = (
				148A6EF82DBC3A85003F118B /* Sources */,
				148A6EF92DBC3A85003F118B /* Frameworks */,
				148A6EFA2DBC3A85003F118B /* Resources */,
			);
			buildRules = (
			);
			dependencies = (
				148A6EFE2DBC3A85003F118B /* PBXTargetDependency */,
			);
			fileSystemSynchronizedGroups = (
				148A6EFF2DBC3A85003F118B /* IOS DEV APPUITests */,
			);
			name = "IOS DEV APPUITests";
			packageProductDependencies = (
			);
			productName = "IOS DEV APPUITests";
			productReference = 148A6EFC2DBC3A85003F118B /* IOS DEV APPUITests.xctest */;
			productType = "com.apple.product-type.bundle.ui-testing";
		};
/* End PBXNativeTarget section */

/* Begin PBXProject section */
		148A6ED42DBC3A83003F118B /* Project object */ = {
			isa = PBXProject;
			attributes = {
				BuildIndependentTargetsInParallel = 1;
				LastSwiftUpdateCheck = 1620;
				LastUpgradeCheck = 1620;
				TargetAttributes = {
					148A6EDB2DBC3A83003F118B = {
						CreatedOnToolsVersion = 16.2;
					};
					148A6EF12DBC3A85003F118B = {
						CreatedOnToolsVersion = 16.2;
						TestTargetID = 148A6EDB2DBC3A83003F118B;
					};
					148A6EFB2DBC3A85003F118B = {
						CreatedOnToolsVersion = 16.2;
						TestTargetID = 148A6EDB2DBC3A83003F118B;
					};
				};
			};
			buildConfigurationList = 148A6ED72DBC3A83003F118B /* Build configuration list for PBXProject "IOS DEV APP" */;
			developmentRegion = en;
			hasScannedForEncodings = 0;
			knownRegions = (
				en,
				Base,
			);
			mainGroup = 148A6ED32DBC3A83003F118B;
			minimizedProjectReferenceProxies = 1;
			preferredProjectObjectVersion = 77;
			productRefGroup = 148A6EDD2DBC3A83003F118B /* Products */;
			projectDirPath = "";
			projectRoot = "";
			targets = (
				148A6EDB2DBC3A83003F118B /* IOS DEV APP */,
				148A6EF12DBC3A85003F118B /* IOS DEV APPTests */,
				148A6EFB2DBC3A85003F118B /* IOS DEV APPUITests */,
			);
		};
/* End PBXProject section */

/* Begin PBXResourcesBuildPhase section */
		148A6EDA2DBC3A83003F118B /* Resources */ = {
			isa = PBXResourcesBuildPhase;
			buildActionMask = 2147483647;
			files = (
			);
			runOnlyForDeploymentPostprocessing = 0;
		};
		148A6EF02DBC3A85003F118B /* Resources */ = {
			isa = PBXResourcesBuildPhase;
			buildActionMask = 2147483647;
			files = (
			);
			runOnlyForDeploymentPostprocessing = 0;
		};
		148A6EFA2DBC3A85003F118B /* Resources */ = {
			isa = PBXResourcesBuildPhase;
			buildActionMask = 2147483647;
			files = (
			);
			runOnlyForDeploymentPostprocessing = 0;
		};
/* End PBXResourcesBuildPhase section */

/* Begin PBXSourcesBuildPhase section */
		148A6ED82DBC3A83003F118B /* Sources */ = {
			isa = PBXSourcesBuildPhase;
			buildActionMask = 2147483647;
			files = (
			);
			runOnlyForDeploymentPostprocessing = 0;
		};
		148A6EEE2DBC3A85003F118B /* Sources */ = {
			isa = PBXSourcesBuildPhase;
			buildActionMask = 2147483647;
			files = (
			);
			runOnlyForDeploymentPostprocessing = 0;
		};
		148A6EF82DBC3A85003F118B /* Sources */ = {
			isa = PBXSourcesBuildPhase;
			buildActionMask = 2147483647;
			files = (
			);
			runOnlyForDeploymentPostprocessing = 0;
		};
/* End PBXSourcesBuildPhase section */

/* Begin PBXTargetDependency section */
		148A6EF42DBC3A85003F118B /* PBXTargetDependency */ = {
			isa = PBXTargetDependency;
			target = 148A6EDB2DBC3A83003F118B /* IOS DEV APP */;
			targetProxy = 148A6EF32DBC3A85003F118B /* PBXContainerItemProxy */;
		};
		148A6EFE2DBC3A85003F118B /* PBXTargetDependency */ = {
			isa = PBXTargetDependency;
			target = 148A6EDB2DBC3A83003F118B /* IOS DEV APP */;
			targetProxy = 148A6EFD2DBC3A85003F118B /* PBXContainerItemProxy */;
		};
/* End PBXTargetDependency section */

/* Begin XCBuildConfiguration section */
		148A6F062DBC3A85003F118B /* Debug */ = {
			isa = XCBuildConfiguration;
			buildSettings = {
				ASSETCATALOG_COMPILER_APPICON_NAME = AppIcon;
				ASSETCATALOG_COMPILER_GLOBAL_ACCENT_COLOR_NAME = AccentColor;
				CODE_SIGN_STYLE = Automatic;
				CURRENT_PROJECT_VERSION = 1;
				DEVELOPMENT_TEAM = LM26XNDTZZ;
				GENERATE_INFOPLIST_FILE = YES;
				INFOPLIST_FILE = "IOS DEV APP/Info.plist";
				INFOPLIST_KEY_UIApplicationSupportsIndirectInputEvents = YES;
				INFOPLIST_KEY_UILaunchStoryboardName = LaunchScreen;
				INFOPLIST_KEY_UIMainStoryboardFile = Main;
				INFOPLIST_KEY_UISupportedInterfaceOrientations_iPad = "UIInterfaceOrientationPortrait UIInterfaceOrientationPortraitUpsideDown UIInterfaceOrientationLandscapeLeft UIInterfaceOrientationLandscapeRight";
				INFOPLIST_KEY_UISupportedInterfaceOrientations_iPhone = "UIInterfaceOrientationPortrait UIInterfaceOrientationLandscapeLeft UIInterfaceOrientationLandscapeRight";
				LD_RUNPATH_SEARCH_PATHS = (
					"$(inherited)",
					"@executable_path/Frameworks",
				);
				MARKETING_VERSION = 1.0;
				PRODUCT_BUNDLE_IDENTIFIER = "utd.IOS-DEV-APP";
				PRODUCT_NAME = "$(TARGET_NAME)";
				SWIFT_EMIT_LOC_STRINGS = YES;
				SWIFT_VERSION = 5.0;
				TARGETED_DEVICE_FAMILY = "1,2";
			};
			name = Debug;
		};
		148A6F072DBC3A85003F118B /* Release */ = {
			isa = XCBuildConfiguration;
			buildSettings = {
				ASSETCATALOG_COMPILER_APPICON_NAME = AppIcon;
				ASSETCATALOG_COMPILER_GLOBAL_ACCENT_COLOR_NAME = AccentColor;
				CODE_SIGN_STYLE = Automatic;
				CURRENT_PROJECT_VERSION = 1;
				DEVELOPMENT_TEAM = LM26XNDTZZ;
				GENERATE_INFOPLIST_FILE = YES;
				INFOPLIST_FILE = "IOS DEV APP/Info.plist";
				INFOPLIST_KEY_UIApplicationSupportsIndirectInputEvents = YES;
				INFOPLIST_KEY_UILaunchStoryboardName = LaunchScreen;
				INFOPLIST_KEY_UIMainStoryboardFile = Main;
				INFOPLIST_KEY_UISupportedInterfaceOrientations_iPad = "UIInterfaceOrientationPortrait UIInterfaceOrientationPortraitUpsideDown UIInterfaceOrientationLandscapeLeft UIInterfaceOrientationLandscapeRight";
				INFOPLIST_KEY_UISupportedInterfaceOrientations_iPhone = "UIInterfaceOrientationPortrait UIInterfaceOrientationLandscapeLeft UIInterfaceOrientationLandscapeRight";
				LD_RUNPATH_SEARCH_PATHS = (
					"$(inherited)",
					"@executable_path/Frameworks",
				);
				MARKETING_VERSION = 1.0;
				PRODUCT_BUNDLE_IDENTIFIER = "utd.IOS-DEV-APP";
				PRODUCT_NAME = "$(TARGET_NAME)";
				SWIFT_EMIT_LOC_STRINGS = YES;
				SWIFT_VERSION = 5.0;
				TARGETED_DEVICE_FAMILY = "1,2";
			};
			name = Release;
		};
		148A6F082DBC3A85003F118B /* Debug */ = {
			isa = XCBuildConfiguration;
			buildSettings = {
				ALWAYS_SEARCH_USER_PATHS = NO;
				ASSETCATALOG_COMPILER_GENERATE_SWIFT_ASSET_SYMBOL_EXTENSIONS = YES;
				CLANG_ANALYZER_NONNULL = YES;
				CLANG_ANALYZER_NUMBER_OBJECT_CONVERSION = YES_AGGRESSIVE;
				CLANG_CXX_LANGUAGE_STANDARD = "gnu++20";
				CLANG_ENABLE_MODULES = YES;
				CLANG_ENABLE_OBJC_ARC = YES;
				CLANG_ENABLE_OBJC_WEAK = YES;
				CLANG_WARN_BLOCK_CAPTURE_AUTORELEASING = YES;
				CLANG_WARN_BOOL_CONVERSION = YES;
				CLANG_WARN_COMMA = YES;
				CLANG_WARN_CONSTANT_CONVERSION = YES;
				CLANG_WARN_DEPRECATED_OBJC_IMPLEMENTATIONS = YES;
				CLANG_WARN_DIRECT_OBJC_ISA_USAGE = YES_ERROR;
				CLANG_WARN_DOCUMENTATION_COMMENTS = YES;
				CLANG_WARN_EMPTY_BODY = YES;
				CLANG_WARN_ENUM_CONVERSION = YES;
				CLANG_WARN_INFINITE_RECURSION = YES;
				CLANG_WARN_INT_CONVERSION = YES;
				CLANG_WARN_NON_LITERAL_NULL_CONVERSION = YES;
				CLANG_WARN_OBJC_IMPLICIT_RETAIN_SELF = YES;
				CLANG_WARN_OBJC_LITERAL_CONVERSION = YES;
				CLANG_WARN_OBJC_ROOT_CLASS = YES_ERROR;
				CLANG_WARN_QUOTED_INCLUDE_IN_FRAMEWORK_HEADER = YES;
				CLANG_WARN_RANGE_LOOP_ANALYSIS = YES;
				CLANG_WARN_STRICT_PROTOTYPES = YES;
				CLANG_WARN_SUSPICIOUS_MOVE = YES;
				CLANG_WARN_UNGUARDED_AVAILABILITY = YES_AGGRESSIVE;
				CLANG_WARN_UNREACHABLE_CODE = YES;
				CLANG_WARN__DUPLICATE_METHOD_MATCH = YES;
				COPY_PHASE_STRIP = NO;
				DEBUG_INFORMATION_FORMAT = dwarf;
				ENABLE_STRICT_OBJC_MSGSEND = YES;
				ENABLE_TESTABILITY = YES;
				ENABLE_USER_SCRIPT_SANDBOXING = YES;
				GCC_C_LANGUAGE_STANDARD = gnu17;
				GCC_DYNAMIC_NO_PIC = NO;
				GCC_NO_COMMON_BLOCKS = YES;
				GCC_OPTIMIZATION_LEVEL = 0;
				GCC_PREPROCESSOR_DEFINITIONS = (
					"DEBUG=1",
					"$(inherited)",
				);
				GCC_WARN_64_TO_32_BIT_CONVERSION = YES;
				GCC_WARN_ABOUT_RETURN_TYPE = YES_ERROR;
				GCC_WARN_UNDECLARED_SELECTOR = YES;
				GCC_WARN_UNINITIALIZED_AUTOS = YES_AGGRESSIVE;
				GCC_WARN_UNUSED_FUNCTION = YES;
				GCC_WARN_UNUSED_VARIABLE = YES;
				IPHONEOS_DEPLOYMENT_TARGET = 18.2;
				LOCALIZATION_PREFERS_STRING_CATALOGS = YES;
				MTL_ENABLE_DEBUG_INFO = INCLUDE_SOURCE;
				MTL_FAST_MATH = YES;
				ONLY_ACTIVE_ARCH = YES;
				SDKROOT = iphoneos;
				SWIFT_ACTIVE_COMPILATION_CONDITIONS = "DEBUG $(inherited)";
				SWIFT_OPTIMIZATION_LEVEL = "-Onone";
			};
			name = Debug;
		};
		148A6F092DBC3A85003F118B /* Release */ = {
			isa = XCBuildConfiguration;
			buildSettings = {
				ALWAYS_SEARCH_USER_PATHS = NO;
				ASSETCATALOG_COMPILER_GENERATE_SWIFT_ASSET_SYMBOL_EXTENSIONS = YES;
				CLANG_ANALYZER_NONNULL = YES;
				CLANG_ANALYZER_NUMBER_OBJECT_CONVERSION = YES_AGGRESSIVE;
				CLANG_CXX_LANGUAGE_STANDARD = "gnu++20";
				CLANG_ENABLE_MODULES = YES;
				CLANG_ENABLE_OBJC_ARC = YES;
				CLANG_ENABLE_OBJC_WEAK = YES;
				CLANG_WARN_BLOCK_CAPTURE_AUTORELEASING = YES;
				CLANG_WARN_BOOL_CONVERSION = YES;
				CLANG_WARN_COMMA = YES;
				CLANG_WARN_CONSTANT_CONVERSION = YES;
				CLANG_WARN_DEPRECATED_OBJC_IMPLEMENTATIONS = YES;
				CLANG_WARN_DIRECT_OBJC_ISA_USAGE = YES_ERROR;
				CLANG_WARN_DOCUMENTATION_COMMENTS = YES;
				CLANG_WARN_EMPTY_BODY = YES;
				CLANG_WARN_ENUM_CONVERSION = YES;
				CLANG_WARN_INFINITE_RECURSION = YES;
				CLANG_WARN_INT_CONVERSION = YES;
				CLANG_WARN_NON_LITERAL_NULL_CONVERSION = YES;
				CLANG_WARN_OBJC_IMPLICIT_RETAIN_SELF = YES;
				CLANG_WARN_OBJC_LITERAL_CONVERSION = YES;
				CLANG_WARN_OBJC_ROOT_CLASS = YES_ERROR;
				CLANG_WARN_QUOTED_INCLUDE_IN_FRAMEWORK_HEADER = YES;
				CLANG_WARN_RANGE_LOOP_ANALYSIS = YES;
				CLANG_WARN_STRICT_PROTOTYPES = YES;
				CLANG_WARN_SUSPICIOUS_MOVE = YES;
				CLANG_WARN_UNGUARDED_AVAILABILITY = YES_AGGRESSIVE;
				CLANG_WARN_UNREACHABLE_CODE = YES;
				CLANG_WARN__DUPLICATE_METHOD_MATCH = YES;
				COPY_PHASE_STRIP = NO;
				DEBUG_INFORMATION_FORMAT = "dwarf-with-dsym";
				ENABLE_NS_ASSERTIONS = NO;
				ENABLE_STRICT_OBJC_MSGSEND = YES;
				ENABLE_USER_SCRIPT_SANDBOXING = YES;
				GCC_C_LANGUAGE_STANDARD = gnu17;
				GCC_NO_COMMON_BLOCKS = YES;
				GCC_WARN_64_TO_32_BIT_CONVERSION = YES;
				GCC_WARN_ABOUT_RETURN_TYPE = YES_ERROR;
				GCC_WARN_UNDECLARED_SELECTOR = YES;
				GCC_WARN_UNINITIALIZED_AUTOS = YES_AGGRESSIVE;
				GCC_WARN_UNUSED_FUNCTION = YES;
				GCC_WARN_UNUSED_VARIABLE = YES;
				IPHONEOS_DEPLOYMENT_TARGET = 18.2;
				LOCALIZATION_PREFERS_STRING_CATALOGS = YES;
				MTL_ENABLE_DEBUG_INFO = NO;
				MTL_FAST_MATH = YES;
				SDKROOT = iphoneos;
				SWIFT_COMPILATION_MODE = wholemodule;
				VALIDATE_PRODUCT = YES;
			};
			name = Release;
		};
		148A6F0B2DBC3A85003F118B /* Debug */ = {
			isa = XCBuildConfiguration;
			buildSettings = {
				BUNDLE_LOADER = "$(TEST_HOST)";
				CODE_SIGN_STYLE = Automatic;
				CURRENT_PROJECT_VERSION = 1;
				DEVELOPMENT_TEAM = LM26XNDTZZ;
				GENERATE_INFOPLIST_FILE = YES;
				IPHONEOS_DEPLOYMENT_TARGET = 18.2;
				MARKETING_VERSION = 1.0;
				PRODUCT_BUNDLE_IDENTIFIER = "utd.IOS-DEV-APPTests";
				PRODUCT_NAME = "$(TARGET_NAME)";
				SWIFT_EMIT_LOC_STRINGS = NO;
				SWIFT_VERSION = 5.0;
				TARGETED_DEVICE_FAMILY = "1,2";
				TEST_HOST = "$(BUILT_PRODUCTS_DIR)/IOS DEV APP.app/$(BUNDLE_EXECUTABLE_FOLDER_PATH)/IOS DEV APP";
			};
			name = Debug;
		};
		148A6F0C2DBC3A85003F118B /* Release */ = {
			isa = XCBuildConfiguration;
			buildSettings = {
				BUNDLE_LOADER = "$(TEST_HOST)";
				CODE_SIGN_STYLE = Automatic;
				CURRENT_PROJECT_VERSION = 1;
				DEVELOPMENT_TEAM = LM26XNDTZZ;
				GENERATE_INFOPLIST_FILE = YES;
				IPHONEOS_DEPLOYMENT_TARGET = 18.2;
				MARKETING_VERSION = 1.0;
				PRODUCT_BUNDLE_IDENTIFIER = "utd.IOS-DEV-APPTests";
				PRODUCT_NAME = "$(TARGET_NAME)";
				SWIFT_EMIT_LOC_STRINGS = NO;
				SWIFT_VERSION = 5.0;
				TARGETED_DEVICE_FAMILY = "1,2";
				TEST_HOST = "$(BUILT_PRODUCTS_DIR)/IOS DEV APP.app/$(BUNDLE_EXECUTABLE_FOLDER_PATH)/IOS DEV APP";
			};
			name = Release;
		};
		148A6F0E2DBC3A85003F118B /* Debug */ = {
			isa = XCBuildConfiguration;
			buildSettings = {
				CODE_SIGN_STYLE = Automatic;
				CURRENT_PROJECT_VERSION = 1;
				DEVELOPMENT_TEAM = LM26XNDTZZ;
				GENERATE_INFOPLIST_FILE = YES;
				MARKETING_VERSION = 1.0;
				PRODUCT_BUNDLE_IDENTIFIER = "utd.IOS-DEV-APPUITests";
				PRODUCT_NAME = "$(TARGET_NAME)";
				SWIFT_EMIT_LOC_STRINGS = NO;
				SWIFT_VERSION = 5.0;
				TARGETED_DEVICE_FAMILY = "1,2";
				TEST_TARGET_NAME = "IOS DEV APP";
			};
			name = Debug;
		};
		148A6F0F2DBC3A85003F118B /* Release */ = {
			isa = XCBuildConfiguration;
			buildSettings = {
				CODE_SIGN_STYLE = Automatic;
				CURRENT_PROJECT_VERSION = 1;
				DEVELOPMENT_TEAM = LM26XNDTZZ;
				GENERATE_INFOPLIST_FILE = YES;
				MARKETING_VERSION = 1.0;
				PRODUCT_BUNDLE_IDENTIFIER = "utd.IOS-DEV-APPUITests";
				PRODUCT_NAME = "$(TARGET_NAME)";
				SWIFT_EMIT_LOC_STRINGS = NO;
				SWIFT_VERSION = 5.0;
				TARGETED_DEVICE_FAMILY = "1,2";
				TEST_TARGET_NAME = "IOS DEV APP";
			};
			name = Release;
		};
/* End XCBuildConfiguration section */

/* Begin XCConfigurationList section */
		148A6ED72DBC3A83003F118B /* Build configuration list for PBXProject "IOS DEV APP" */ = {
			isa = XCConfigurationList;
			buildConfigurations = (
				148A6F082DBC3A85003F118B /* Debug */,
				148A6F092DBC3A85003F118B /* Release */,
			);
			defaultConfigurationIsVisible = 0;
			defaultConfigurationName = Release;
		};
		148A6F052DBC3A85003F118B /* Build configuration list for PBXNativeTarget "IOS DEV APP" */ = {
			isa = XCConfigurationList;
			buildConfigurations = (
				148A6F062DBC3A85003F118B /* Debug */,
				148A6F072DBC3A85003F118B /* Release */,
			);
			defaultConfigurationIsVisible = 0;
			defaultConfigurationName = Release;
		};
		148A6F0A2DBC3A85003F118B /* Build configuration list for PBXNativeTarget "IOS DEV APPTests" */ = {
			isa = XCConfigurationList;
			buildConfigurations = (
				148A6F0B2DBC3A85003F118B /* Debug */,
				148A6F0C2DBC3A85003F118B /* Release */,
			);
			defaultConfigurationIsVisible = 0;
			defaultConfigurationName = Release;
		};
		148A6F0D2DBC3A85003F118B /* Build configuration list for PBXNativeTarget "IOS DEV APPUITests" */ = {
			isa = XCConfigurationList;
			buildConfigurations = (
				148A6F0E2DBC3A85003F118B /* Debug */,
				148A6F0F2DBC3A85003F118B /* Release */,
			);
			defaultConfigurationIsVisible = 0;
			defaultConfigurationName = Release;
		};
/* End XCConfigurationList section */
	};
	rootObject = 148A6ED42DBC3A83003F118B /* Project object */;
}
